
Microsoft Visual Studio Solution File, Format Version 12.00
# Visual Studio Version 17
VisualStudioVersion = 17.14.36408.4 d17.14
MinimumVisualStudioVersion = 10.0.40219.1
Project("{FAE04EC0-301F-11D3-BF4B-00C04F79EFBC}") = "CardGameScore", "CardGameScore.Web\CardGameScore.csproj", "{28DD1850-523E-47B8-A3A6-F8C987745E1B}"
EndProject
Project("{FAE04EC0-301F-11D3-BF4B-00C04F79EFBC}") = "CardGameScore.BL", "CardGameScore.BL\CardGameScore.BL.csproj", "{99427A0A-3EC3-4A31-97FB-33D0D8D03A8F}"
EndProject
Project("{FAE04EC0-301F-11D3-BF4B-00C04F79EFBC}") = "CardGameScore.Test", "CardGameScore.Test\CardGameScore.Test.csproj", "{A2F8A297-160B-4CD1-A592-55A795A612C1}"
EndProject
Global
	GlobalSection(SolutionConfigurationPlatforms) = preSolution
		Debug|Any CPU = Debug|Any CPU
		Release|Any CPU = Release|Any CPU
	EndGlobalSection
	GlobalSection(ProjectConfigurationPlatforms) = postSolution
		{28DD1850-523E-47B8-A3A6-F8C987745E1B}.Debug|Any CPU.ActiveCfg = Debug|Any CPU
		{28DD1850-523E-47B8-A3A6-F8C987745E1B}.Debug|Any CPU.Build.0 = Debug|Any CPU
		{28DD1850-523E-47B8-A3A6-F8C987745E1B}.Release|Any CPU.ActiveCfg = Release|Any CPU
		{28DD1850-523E-47B8-A3A6-F8C987745E1B}.Release|Any CPU.Build.0 = Release|Any CPU
		{99427A0A-3EC3-4A31-97FB-33D0D8D03A8F}.Debug|Any CPU.ActiveCfg = Debug|Any CPU
		{99427A0A-3EC3-4A31-97FB-33D0D8D03A8F}.Debug|Any CPU.Build.0 = Debug|Any CPU
		{99427A0A-3EC3-4A31-97FB-33D0D8D03A8F}.Release|Any CPU.ActiveCfg = Release|Any CPU
		{99427A0A-3EC3-4A31-97FB-33D0D8D03A8F}.Release|Any CPU.Build.0 = Release|Any CPU
		{A2F8A297-160B-4CD1-A592-55A795A612C1}.Debug|Any CPU.ActiveCfg = Debug|Any CPU
		{A2F8A297-160B-4CD1-A592-55A795A612C1}.Debug|Any CPU.Build.0 = Debug|Any CPU
		{A2F8A297-160B-4CD1-A592-55A795A612C1}.Release|Any CPU.ActiveCfg = Release|Any CPU
		{A2F8A297-160B-4CD1-A592-55A795A612C1}.Release|Any CPU.Build.0 = Release|Any CPU
	EndGlobalSection
	GlobalSection(SolutionProperties) = preSolution
		HideSolutionNode = FALSE
	EndGlobalSection
	GlobalSection(ExtensibilityGlobals) = postSolution
		SolutionGuid = {56FF5B40-B65F-47E6-BF75-17E5BDE54A96}
	EndGlobalSection
EndGlobal
